
Microsoft Visual Studio Solution File, Format Version 12.00
# Visual Studio 2012
Project("{FAE04EC0-301F-11D3-BF4B-00C04F79EFBC}") = "WebApplication1", "WebApplication1\WebApplication1.csproj", "{3677C6A2-78ED-40A9-A0FE-3137C8139BFC}"
EndProject
Project("{FAE04EC0-301F-11D3-BF4B-00C04F79EFBC}") = "UnitTestProject5", "UnitTestProject5\UnitTestProject5.csproj", "{A0170C8F-8D23-49EA-9BD1-8A02D19EDCA7}"
EndProject
Global
	GlobalSection(SolutionConfigurationPlatforms) = preSolution
		Debug|Any CPU = Debug|Any CPU
		Release|Any CPU = Release|Any CPU
	EndGlobalSection
	GlobalSection(ProjectConfigurationPlatforms) = postSolution
		{3677C6A2-78ED-40A9-A0FE-3137C8139BFC}.Debug|Any CPU.ActiveCfg = Debug|Any CPU
		{3677C6A2-78ED-40A9-A0FE-3137C8139BFC}.Debug|Any CPU.Build.0 = Debug|Any CPU
		{3677C6A2-78ED-40A9-A0FE-3137C8139BFC}.Release|Any CPU.ActiveCfg = Release|Any CPU
		{3677C6A2-78ED-40A9-A0FE-3137C8139BFC}.Release|Any CPU.Build.0 = Release|Any CPU
		{A0170C8F-8D23-49EA-9BD1-8A02D19EDCA7}.Debug|Any CPU.ActiveCfg = Debug|Any CPU
		{A0170C8F-8D23-49EA-9BD1-8A02D19EDCA7}.Debug|Any CPU.Build.0 = Debug|Any CPU
		{A0170C8F-8D23-49EA-9BD1-8A02D19EDCA7}.Release|Any CPU.ActiveCfg = Release|Any CPU
		{A0170C8F-8D23-49EA-9BD1-8A02D19EDCA7}.Release|Any CPU.Build.0 = Release|Any CPU
	EndGlobalSection
	GlobalSection(SolutionProperties) = preSolution
		HideSolutionNode = FALSE
	EndGlobalSection
EndGlobal
